
Microsoft Visual Studio Solution File, Format Version 12.00
# Visual Studio Version 16
VisualStudioVersion = 16.0.31005.135
MinimumVisualStudioVersion = 10.0.40219.1
Project("{FAE04EC0-301F-11D3-BF4B-00C04F79EFBC}") = "new_blog", "new_blog\new_blog.csproj", "{4502232C-CFA6-4276-B1DF-64BA72C06E56}"
EndProject
Global
	GlobalSection(SolutionConfigurationPlatforms) = preSolution
		Debug|Any CPU = Debug|Any CPU
		Release|Any CPU = Release|Any CPU
	EndGlobalSection
	GlobalSection(ProjectConfigurationPlatforms) = postSolution
		{4502232C-CFA6-4276-B1DF-64BA72C06E56}.Debug|Any CPU.ActiveCfg = Debug|Any CPU
		{4502232C-CFA6-4276-B1DF-64BA72C06E56}.Debug|Any CPU.Build.0 = Debug|Any CPU
		{4502232C-CFA6-4276-B1DF-64BA72C06E56}.Release|Any CPU.ActiveCfg = Release|Any CPU
		{4502232C-CFA6-4276-B1DF-64BA72C06E56}.Release|Any CPU.Build.0 = Release|Any CPU
	EndGlobalSection
	GlobalSection(SolutionProperties) = preSolution
		HideSolutionNode = FALSE
	EndGlobalSection
	GlobalSection(ExtensibilityGlobals) = postSolution
		SolutionGuid = {FE81D551-3838-48AD-946F-7A52755D2DD2}
	EndGlobalSection
EndGlobal
